
Microsoft Visual Studio Solution File, Format Version 12.00
# Visual Studio Version 17
VisualStudioVersion = 17.1.32228.430
MinimumVisualStudioVersion = 10.0.40219.1
Project("{FAE04EC0-301F-11D3-BF4B-00C04F79EFBC}") = "ReturnUnusedCharacters", "ReturnUnusedCharacters.csproj", "{381C1F30-47EA-46A5-9C65-63FF5C13B1DF}"
EndProject
Project("{2150E333-8FDC-42A3-9474-1A3956D46DE8}") = "Solution Items", "Solution Items", "{6AB15C58-3F4B-49F5-9508-8929B14B04D4}"
	ProjectSection(SolutionItems) = preProject
		.editorconfig = .editorconfig
	EndProjectSection
EndProject
Global
	GlobalSection(SolutionConfigurationPlatforms) = preSolution
		Debug|Any CPU = Debug|Any CPU
		Release|Any CPU = Release|Any CPU
	EndGlobalSection
	GlobalSection(ProjectConfigurationPlatforms) = postSolution
		{381C1F30-47EA-46A5-9C65-63FF5C13B1DF}.Debug|Any CPU.ActiveCfg = Debug|Any CPU
		{381C1F30-47EA-46A5-9C65-63FF5C13B1DF}.Debug|Any CPU.Build.0 = Debug|Any CPU
		{381C1F30-47EA-46A5-9C65-63FF5C13B1DF}.Release|Any CPU.ActiveCfg = Release|Any CPU
		{381C1F30-47EA-46A5-9C65-63FF5C13B1DF}.Release|Any CPU.Build.0 = Release|Any CPU
	EndGlobalSection
	GlobalSection(SolutionProperties) = preSolution
		HideSolutionNode = FALSE
	EndGlobalSection
	GlobalSection(ExtensibilityGlobals) = postSolution
		SolutionGuid = {2857629E-DE67-4731-B897-AE463F8FAEFE}
	EndGlobalSection
EndGlobal
